// !$*UTF8*$!
{
	archiveVersion = 1;
	classes = {
	};
	objectVersion = 77;
	objects = {

/* Begin PBXBuildFile section */
		87B3C9DC2E45AA270097CC59 /* SwiftDate in Frameworks */ = {isa = PBXBuildFile; productRef = 87B3C9DB2E45AA270097CC59 /* SwiftDate */; };
		87B3C9DF2E45AA3E0097CC59 /* Kingfisher in Frameworks */ = {isa = PBXBuildFile; productRef = 87B3C9DE2E45AA3E0097CC59 /* Kingfisher */; };
		87B3C9E22E45AA4E0097CC59 /* SnapKit in Frameworks */ = {isa = PBXBuildFile; productRef = 87B3C9E12E45AA4E0097CC59 /* SnapKit */; };
		87B3C9E52E45AA650097CC59 /* Then in Frameworks */ = {isa = PBXBuildFile; productRef = 87B3C9E42E45AA650097CC59 /* Then */; };
		87B3C9E82E45AA7E0097CC59 /* Alamofire in Frameworks */ = {isa = PBXBuildFile; productRef = 87B3C9E72E45AA7E0097CC59 /* Alamofire */; };
		87B3C9EB2E45AA9A0097CC59 /* RxCocoa in Frameworks */ = {isa = PBXBuildFile; productRef = 87B3C9EA2E45AA9A0097CC59 /* RxCocoa */; };
		87B3C9ED2E45AA9A0097CC59 /* RxRelay in Frameworks */ = {isa = PBXBuildFile; productRef = 87B3C9EC2E45AA9A0097CC59 /* RxRelay */; };
		87B3C9EF2E45AA9A0097CC59 /* RxSwift in Frameworks */ = {isa = PBXBuildFile; productRef = 87B3C9EE2E45AA9A0097CC59 /* RxSwift */; };
		87B3C9F22E45AAB90097CC59 /* Lottie in Frameworks */ = {isa = PBXBuildFile; productRef = 87B3C9F12E45AAB90097CC59 /* Lottie */; };
		87B3C9F52E45AAF10097CC59 /* IQKeyboardManagerSwift in Frameworks */ = {isa = PBXBuildFile; productRef = 87B3C9F42E45AAF10097CC59 /* IQKeyboardManagerSwift */; };
		87CBD9332E6DC9D600572F14 /* FirebaseAnalytics in Frameworks */ = {isa = PBXBuildFile; productRef = 87CBD9322E6DC9D600572F14 /* FirebaseAnalytics */; };
		87CBD9352E6DC9D600572F14 /* FirebaseFirestore in Frameworks */ = {isa = PBXBuildFile; productRef = 87CBD9342E6DC9D600572F14 /* FirebaseFirestore */; };
		87CBD9372E6DCA0B00572F14 /* FirebaseCore in Frameworks */ = {isa = PBXBuildFile; productRef = 87CBD9362E6DCA0B00572F14 /* FirebaseCore */; };
		87CBDBAA2E6DCECE00572F14 /* FirebaseAuth in Frameworks */ = {isa = PBXBuildFile; productRef = 87CBDBA92E6DCECE00572F14 /* FirebaseAuth */; };
		87CBDBAD2E6DCEEA00572F14 /* GoogleSignIn in Frameworks */ = {isa = PBXBuildFile; productRef = 87CBDBAC2E6DCEEA00572F14 /* GoogleSignIn */; };
		87CBDBAF2E6DCEEA00572F14 /* GoogleSignInSwift in Frameworks */ = {isa = PBXBuildFile; productRef = 87CBDBAE2E6DCEEA00572F14 /* GoogleSignInSwift */; };
		87D5919B2E7833070017BB1C /* KakaoSDKAuth in Frameworks */ = {isa = PBXBuildFile; productRef = 87D5919A2E7833070017BB1C /* KakaoSDKAuth */; };
		87D5919D2E7833070017BB1C /* KakaoSDKUser in Frameworks */ = {isa = PBXBuildFile; productRef = 87D5919C2E7833070017BB1C /* KakaoSDKUser */; };
		87D591A02E78332D0017BB1C /* RxKakaoSDK in Frameworks */ = {isa = PBXBuildFile; productRef = 87D5919F2E78332D0017BB1C /* RxKakaoSDK */; };
		87D591A22E78332D0017BB1C /* RxKakaoSDKAuth in Frameworks */ = {isa = PBXBuildFile; productRef = 87D591A12E78332D0017BB1C /* RxKakaoSDKAuth */; };
		87D591A42E78332D0017BB1C /* RxKakaoSDKUser in Frameworks */ = {isa = PBXBuildFile; productRef = 87D591A32E78332D0017BB1C /* RxKakaoSDKUser */; };
		87D591A62E7833390017BB1C /* KakaoSDK in Frameworks */ = {isa = PBXBuildFile; productRef = 87D591A52E7833390017BB1C /* KakaoSDK */; };
/* End PBXBuildFile section */

/* Begin PBXFileReference section */
		870EC3202E448EB70021A713 /* WakeUpSprout.app */ = {isa = PBXFileReference; explicitFileType = wrapper.application; includeInIndex = 0; path = WakeUpSprout.app; sourceTree = BUILT_PRODUCTS_DIR; };
/* End PBXFileReference section */

/* Begin PBXFileSystemSynchronizedBuildFileExceptionSet section */
		870EC3352E448EB80021A713 /* Exceptions for "WakeUpSprout" folder in "WakeUpSprout" target */ = {
			isa = PBXFileSystemSynchronizedBuildFileExceptionSet;
			membershipExceptions = (
				Resource/Info.plist,
			);
			target = 870EC31F2E448EB70021A713 /* WakeUpSprout */;
		};
/* End PBXFileSystemSynchronizedBuildFileExceptionSet section */

/* Begin PBXFileSystemSynchronizedRootGroup section */
		870EC3222E448EB70021A713 /* WakeUpSprout */ = {
			isa = PBXFileSystemSynchronizedRootGroup;
			exceptions = (
				870EC3352E448EB80021A713 /* Exceptions for "WakeUpSprout" folder in "WakeUpSprout" target */,
			);
			path = WakeUpSprout;
			sourceTree = "<group>";
		};
/* End PBXFileSystemSynchronizedRootGroup section */

/* Begin PBXFrameworksBuildPhase section */
		870EC31D2E448EB70021A713 /* Frameworks */ = {
			isa = PBXFrameworksBuildPhase;
			buildActionMask = 2147483647;
			files = (
				87B3C9EB2E45AA9A0097CC59 /* RxCocoa in Frameworks */,
				87D591A62E7833390017BB1C /* KakaoSDK in Frameworks */,
				87B3C9E82E45AA7E0097CC59 /* Alamofire in Frameworks */,
				87B3C9F22E45AAB90097CC59 /* Lottie in Frameworks */,
				87D591A22E78332D0017BB1C /* RxKakaoSDKAuth in Frameworks */,
				87CBDBAF2E6DCEEA00572F14 /* GoogleSignInSwift in Frameworks */,
				87B3C9ED2E45AA9A0097CC59 /* RxRelay in Frameworks */,
				87B3C9E22E45AA4E0097CC59 /* SnapKit in Frameworks */,
				87D591A02E78332D0017BB1C /* RxKakaoSDK in Frameworks */,
				87CBDBAD2E6DCEEA00572F14 /* GoogleSignIn in Frameworks */,
				87CBDBAA2E6DCECE00572F14 /* FirebaseAuth in Frameworks */,
				87D5919D2E7833070017BB1C /* KakaoSDKUser in Frameworks */,
				87D5919B2E7833070017BB1C /* KakaoSDKAuth in Frameworks */,
				87D591A42E78332D0017BB1C /* RxKakaoSDKUser in Frameworks */,
				87CBD9352E6DC9D600572F14 /* FirebaseFirestore in Frameworks */,
				87B3C9F52E45AAF10097CC59 /* IQKeyboardManagerSwift in Frameworks */,
				87CBD9332E6DC9D600572F14 /* FirebaseAnalytics in Frameworks */,
				87CBD9372E6DCA0B00572F14 /* FirebaseCore in Frameworks */,
				87B3C9DF2E45AA3E0097CC59 /* Kingfisher in Frameworks */,
				87B3C9DC2E45AA270097CC59 /* SwiftDate in Frameworks */,
				87B3C9EF2E45AA9A0097CC59 /* RxSwift in Frameworks */,
				87B3C9E52E45AA650097CC59 /* Then in Frameworks */,
			);
			runOnlyForDeploymentPostprocessing = 0;
		};
/* End PBXFrameworksBuildPhase section */

/* Begin PBXGroup section */
		870EC3172E448EB70021A713 = {
			isa = PBXGroup;
			children = (
				870EC3222E448EB70021A713 /* WakeUpSprout */,
				870EC3212E448EB70021A713 /* Products */,
			);
			sourceTree = "<group>";
		};
		870EC3212E448EB70021A713 /* Products */ = {
			isa = PBXGroup;
			children = (
				870EC3202E448EB70021A713 /* WakeUpSprout.app */,
			);
			name = Products;
			sourceTree = "<group>";
		};
/* End PBXGroup section */

/* Begin PBXNativeTarget section */
		870EC31F2E448EB70021A713 /* WakeUpSprout */ = {
			isa = PBXNativeTarget;
			buildConfigurationList = 870EC3362E448EB80021A713 /* Build configuration list for PBXNativeTarget "WakeUpSprout" */;
			buildPhases = (
				870EC31C2E448EB70021A713 /* Sources */,
				870EC31D2E448EB70021A713 /* Frameworks */,
				870EC31E2E448EB70021A713 /* Resources */,
			);
			buildRules = (
			);
			dependencies = (
			);
			fileSystemSynchronizedGroups = (
				870EC3222E448EB70021A713 /* WakeUpSprout */,
			);
			name = WakeUpSprout;
			packageProductDependencies = (
				87B3C9DB2E45AA270097CC59 /* SwiftDate */,
				87B3C9DE2E45AA3E0097CC59 /* Kingfisher */,
				87B3C9E12E45AA4E0097CC59 /* SnapKit */,
				87B3C9E42E45AA650097CC59 /* Then */,
				87B3C9E72E45AA7E0097CC59 /* Alamofire */,
				87B3C9EA2E45AA9A0097CC59 /* RxCocoa */,
				87B3C9EC2E45AA9A0097CC59 /* RxRelay */,
				87B3C9EE2E45AA9A0097CC59 /* RxSwift */,
				87B3C9F12E45AAB90097CC59 /* Lottie */,
				87B3C9F42E45AAF10097CC59 /* IQKeyboardManagerSwift */,
				87CBD9322E6DC9D600572F14 /* FirebaseAnalytics */,
				87CBD9342E6DC9D600572F14 /* FirebaseFirestore */,
				87CBD9362E6DCA0B00572F14 /* FirebaseCore */,
				87CBDBA92E6DCECE00572F14 /* FirebaseAuth */,
				87CBDBAC2E6DCEEA00572F14 /* GoogleSignIn */,
				87CBDBAE2E6DCEEA00572F14 /* GoogleSignInSwift */,
				87D5919A2E7833070017BB1C /* KakaoSDKAuth */,
				87D5919C2E7833070017BB1C /* KakaoSDKUser */,
				87D5919F2E78332D0017BB1C /* RxKakaoSDK */,
				87D591A12E78332D0017BB1C /* RxKakaoSDKAuth */,
				87D591A32E78332D0017BB1C /* RxKakaoSDKUser */,
				87D591A52E7833390017BB1C /* KakaoSDK */,
			);
			productName = WakeUpSprout;
			productReference = 870EC3202E448EB70021A713 /* WakeUpSprout.app */;
			productType = "com.apple.product-type.application";
		};
/* End PBXNativeTarget section */

/* Begin PBXProject section */
		870EC3182E448EB70021A713 /* Project object */ = {
			isa = PBXProject;
			attributes = {
				BuildIndependentTargetsInParallel = 1;
				LastSwiftUpdateCheck = 1640;
				LastUpgradeCheck = 1640;
				TargetAttributes = {
					870EC31F2E448EB70021A713 = {
						CreatedOnToolsVersion = 16.4;
					};
				};
			};
			buildConfigurationList = 870EC31B2E448EB70021A713 /* Build configuration list for PBXProject "WakeUpSprout" */;
			developmentRegion = en;
			hasScannedForEncodings = 0;
			knownRegions = (
				en,
				Base,
			);
			mainGroup = 870EC3172E448EB70021A713;
			minimizedProjectReferenceProxies = 1;
			packageReferences = (
				87B3C9DA2E45AA270097CC59 /* XCRemoteSwiftPackageReference "SwiftDate" */,
				87B3C9DD2E45AA3E0097CC59 /* XCRemoteSwiftPackageReference "Kingfisher" */,
				87B3C9E02E45AA4E0097CC59 /* XCRemoteSwiftPackageReference "SnapKit" */,
				87B3C9E32E45AA650097CC59 /* XCRemoteSwiftPackageReference "Then" */,
				87B3C9E62E45AA7E0097CC59 /* XCRemoteSwiftPackageReference "Alamofire" */,
				87B3C9E92E45AA9A0097CC59 /* XCRemoteSwiftPackageReference "RxSwift" */,
				87B3C9F02E45AAB90097CC59 /* XCRemoteSwiftPackageReference "lottie-ios" */,
				87B3C9F32E45AAF10097CC59 /* XCRemoteSwiftPackageReference "IQKeyboardManager" */,
				87CBD9312E6DC9D600572F14 /* XCRemoteSwiftPackageReference "firebase-ios-sdk" */,
				87CBDBAB2E6DCEEA00572F14 /* XCRemoteSwiftPackageReference "GoogleSignIn-iOS" */,
				87D591992E7833070017BB1C /* XCRemoteSwiftPackageReference "kakao-ios-sdk" */,
				87D5919E2E78332D0017BB1C /* XCRemoteSwiftPackageReference "kakao-ios-sdk-rx" */,
			);
			preferredProjectObjectVersion = 77;
			productRefGroup = 870EC3212E448EB70021A713 /* Products */;
			projectDirPath = "";
			projectRoot = "";
			targets = (
				870EC31F2E448EB70021A713 /* WakeUpSprout */,
			);
		};
/* End PBXProject section */

/* Begin PBXResourcesBuildPhase section */
		870EC31E2E448EB70021A713 /* Resources */ = {
			isa = PBXResourcesBuildPhase;
			buildActionMask = 2147483647;
			files = (
			);
			runOnlyForDeploymentPostprocessing = 0;
		};
/* End PBXResourcesBuildPhase section */

/* Begin PBXSourcesBuildPhase section */
		870EC31C2E448EB70021A713 /* Sources */ = {
			isa = PBXSourcesBuildPhase;
			buildActionMask = 2147483647;
			files = (
			);
			runOnlyForDeploymentPostprocessing = 0;
		};
/* End PBXSourcesBuildPhase section */

/* Begin XCBuildConfiguration section */
		870EC3372E448EB80021A713 /* Debug */ = {
			isa = XCBuildConfiguration;
			buildSettings = {
				ASSETCATALOG_COMPILER_APPICON_NAME = AppIcon;
				ASSETCATALOG_COMPILER_GLOBAL_ACCENT_COLOR_NAME = AccentColor;
				CODE_SIGN_ENTITLEMENTS = WakeUpSprout/Resource/WakeUpSprout.entitlements;
				CODE_SIGN_STYLE = Automatic;
				CURRENT_PROJECT_VERSION = 1;
				DEVELOPMENT_TEAM = 373K7546A3;
				GENERATE_INFOPLIST_FILE = YES;
				INFOPLIST_FILE = WakeUpSprout/Resource/Info.plist;
				INFOPLIST_KEY_UIApplicationSupportsIndirectInputEvents = YES;
				INFOPLIST_KEY_UILaunchStoryboardName = LaunchScreen;
				INFOPLIST_KEY_UISupportedInterfaceOrientations_iPad = "UIInterfaceOrientationPortrait UIInterfaceOrientationPortraitUpsideDown UIInterfaceOrientationLandscapeLeft UIInterfaceOrientationLandscapeRight";
				INFOPLIST_KEY_UISupportedInterfaceOrientations_iPhone = "UIInterfaceOrientationPortrait UIInterfaceOrientationLandscapeLeft UIInterfaceOrientationLandscapeRight";
				IPHONEOS_DEPLOYMENT_TARGET = 16;
				LD_RUNPATH_SEARCH_PATHS = (
					"$(inherited)",
					"@executable_path/Frameworks",
				);
				MARKETING_VERSION = 1.0;
				PRODUCT_BUNDLE_IDENTIFIER = WakeUpSprout.WakeUpSprout;
				PRODUCT_NAME = "$(TARGET_NAME)";
				SUPPORTED_PLATFORMS = "iphoneos iphonesimulator";
				SUPPORTS_MACCATALYST = NO;
				SUPPORTS_XR_DESIGNED_FOR_IPHONE_IPAD = NO;
				SWIFT_EMIT_LOC_STRINGS = YES;
				SWIFT_VERSION = 5.0;
				TARGETED_DEVICE_FAMILY = "1,2";
			};
			name = Debug;
		};
		870EC3382E448EB80021A713 /* Release */ = {
			isa = XCBuildConfiguration;
			buildSettings = {
				ASSETCATALOG_COMPILER_APPICON_NAME = AppIcon;
				ASSETCATALOG_COMPILER_GLOBAL_ACCENT_COLOR_NAME = AccentColor;
				CODE_SIGN_ENTITLEMENTS = WakeUpSprout/Resource/WakeUpSprout.entitlements;
				CODE_SIGN_STYLE = Automatic;
				CURRENT_PROJECT_VERSION = 1;
				DEVELOPMENT_TEAM = 373K7546A3;
				GENERATE_INFOPLIST_FILE = YES;
				INFOPLIST_FILE = WakeUpSprout/Resource/Info.plist;
				INFOPLIST_KEY_UIApplicationSupportsIndirectInputEvents = YES;
				INFOPLIST_KEY_UILaunchStoryboardName = LaunchScreen;
				INFOPLIST_KEY_UISupportedInterfaceOrientations_iPad = "UIInterfaceOrientationPortrait UIInterfaceOrientationPortraitUpsideDown UIInterfaceOrientationLandscapeLeft UIInterfaceOrientationLandscapeRight";
				INFOPLIST_KEY_UISupportedInterfaceOrientations_iPhone = "UIInterfaceOrientationPortrait UIInterfaceOrientationLandscapeLeft UIInterfaceOrientationLandscapeRight";
				IPHONEOS_DEPLOYMENT_TARGET = 16;
				LD_RUNPATH_SEARCH_PATHS = (
					"$(inherited)",
					"@executable_path/Frameworks",
				);
				MARKETING_VERSION = 1.0;
				PRODUCT_BUNDLE_IDENTIFIER = WakeUpSprout.WakeUpSprout;
				PRODUCT_NAME = "$(TARGET_NAME)";
				SUPPORTED_PLATFORMS = "iphoneos iphonesimulator";
				SUPPORTS_MACCATALYST = NO;
				SUPPORTS_XR_DESIGNED_FOR_IPHONE_IPAD = NO;
				SWIFT_EMIT_LOC_STRINGS = YES;
				SWIFT_VERSION = 5.0;
				TARGETED_DEVICE_FAMILY = "1,2";
			};
			name = Release;
		};
		870EC3392E448EB80021A713 /* Debug */ = {
			isa = XCBuildConfiguration;
			buildSettings = {
				ALWAYS_SEARCH_USER_PATHS = NO;
				ASSETCATALOG_COMPILER_GENERATE_SWIFT_ASSET_SYMBOL_EXTENSIONS = YES;
				CLANG_ANALYZER_NONNULL = YES;
				CLANG_ANALYZER_NUMBER_OBJECT_CONVERSION = YES_AGGRESSIVE;
				CLANG_CXX_LANGUAGE_STANDARD = "gnu++20";
				CLANG_ENABLE_MODULES = YES;
				CLANG_ENABLE_OBJC_ARC = YES;
				CLANG_ENABLE_OBJC_WEAK = YES;
				CLANG_WARN_BLOCK_CAPTURE_AUTORELEASING = YES;
				CLANG_WARN_BOOL_CONVERSION = YES;
				CLANG_WARN_COMMA = YES;
				CLANG_WARN_CONSTANT_CONVERSION = YES;
				CLANG_WARN_DEPRECATED_OBJC_IMPLEMENTATIONS = YES;
				CLANG_WARN_DIRECT_OBJC_ISA_USAGE = YES_ERROR;
				CLANG_WARN_DOCUMENTATION_COMMENTS = YES;
				CLANG_WARN_EMPTY_BODY = YES;
				CLANG_WARN_ENUM_CONVERSION = YES;
				CLANG_WARN_INFINITE_RECURSION = YES;
				CLANG_WARN_INT_CONVERSION = YES;
				CLANG_WARN_NON_LITERAL_NULL_CONVERSION = YES;
				CLANG_WARN_OBJC_IMPLICIT_RETAIN_SELF = YES;
				CLANG_WARN_OBJC_LITERAL_CONVERSION = YES;
				CLANG_WARN_OBJC_ROOT_CLASS = YES_ERROR;
				CLANG_WARN_QUOTED_INCLUDE_IN_FRAMEWORK_HEADER = YES;
				CLANG_WARN_RANGE_LOOP_ANALYSIS = YES;
				CLANG_WARN_STRICT_PROTOTYPES = YES;
				CLANG_WARN_SUSPICIOUS_MOVE = YES;
				CLANG_WARN_UNGUARDED_AVAILABILITY = YES_AGGRESSIVE;
				CLANG_WARN_UNREACHABLE_CODE = YES;
				CLANG_WARN__DUPLICATE_METHOD_MATCH = YES;
				COPY_PHASE_STRIP = NO;
				DEBUG_INFORMATION_FORMAT = dwarf;
				DEVELOPMENT_TEAM = 373K7546A3;
				ENABLE_STRICT_OBJC_MSGSEND = YES;
				ENABLE_TESTABILITY = YES;
				ENABLE_USER_SCRIPT_SANDBOXING = YES;
				GCC_C_LANGUAGE_STANDARD = gnu17;
				GCC_DYNAMIC_NO_PIC = NO;
				GCC_NO_COMMON_BLOCKS = YES;
				GCC_OPTIMIZATION_LEVEL = 0;
				GCC_PREPROCESSOR_DEFINITIONS = (
					"DEBUG=1",
					"$(inherited)",
				);
				GCC_WARN_64_TO_32_BIT_CONVERSION = YES;
				GCC_WARN_ABOUT_RETURN_TYPE = YES_ERROR;
				GCC_WARN_UNDECLARED_SELECTOR = YES;
				GCC_WARN_UNINITIALIZED_AUTOS = YES_AGGRESSIVE;
				GCC_WARN_UNUSED_FUNCTION = YES;
				GCC_WARN_UNUSED_VARIABLE = YES;
				IPHONEOS_DEPLOYMENT_TARGET = 18.5;
				LOCALIZATION_PREFERS_STRING_CATALOGS = YES;
				MTL_ENABLE_DEBUG_INFO = INCLUDE_SOURCE;
				MTL_FAST_MATH = YES;
				ONLY_ACTIVE_ARCH = YES;
				SDKROOT = iphoneos;
				SWIFT_ACTIVE_COMPILATION_CONDITIONS = "DEBUG $(inherited)";
				SWIFT_OPTIMIZATION_LEVEL = "-Onone";
			};
			name = Debug;
		};
		870EC33A2E448EB80021A713 /* Release */ = {
			isa = XCBuildConfiguration;
			buildSettings = {
				ALWAYS_SEARCH_USER_PATHS = NO;
				ASSETCATALOG_COMPILER_GENERATE_SWIFT_ASSET_SYMBOL_EXTENSIONS = YES;
				CLANG_ANALYZER_NONNULL = YES;
				CLANG_ANALYZER_NUMBER_OBJECT_CONVERSION = YES_AGGRESSIVE;
				CLANG_CXX_LANGUAGE_STANDARD = "gnu++20";
				CLANG_ENABLE_MODULES = YES;
				CLANG_ENABLE_OBJC_ARC = YES;
				CLANG_ENABLE_OBJC_WEAK = YES;
				CLANG_WARN_BLOCK_CAPTURE_AUTORELEASING = YES;
				CLANG_WARN_BOOL_CONVERSION = YES;
				CLANG_WARN_COMMA = YES;
				CLANG_WARN_CONSTANT_CONVERSION = YES;
				CLANG_WARN_DEPRECATED_OBJC_IMPLEMENTATIONS = YES;
				CLANG_WARN_DIRECT_OBJC_ISA_USAGE = YES_ERROR;
				CLANG_WARN_DOCUMENTATION_COMMENTS = YES;
				CLANG_WARN_EMPTY_BODY = YES;
				CLANG_WARN_ENUM_CONVERSION = YES;
				CLANG_WARN_INFINITE_RECURSION = YES;
				CLANG_WARN_INT_CONVERSION = YES;
				CLANG_WARN_NON_LITERAL_NULL_CONVERSION = YES;
				CLANG_WARN_OBJC_IMPLICIT_RETAIN_SELF = YES;
				CLANG_WARN_OBJC_LITERAL_CONVERSION = YES;
				CLANG_WARN_OBJC_ROOT_CLASS = YES_ERROR;
				CLANG_WARN_QUOTED_INCLUDE_IN_FRAMEWORK_HEADER = YES;
				CLANG_WARN_RANGE_LOOP_ANALYSIS = YES;
				CLANG_WARN_STRICT_PROTOTYPES = YES;
				CLANG_WARN_SUSPICIOUS_MOVE = YES;
				CLANG_WARN_UNGUARDED_AVAILABILITY = YES_AGGRESSIVE;
				CLANG_WARN_UNREACHABLE_CODE = YES;
				CLANG_WARN__DUPLICATE_METHOD_MATCH = YES;
				COPY_PHASE_STRIP = NO;
				DEBUG_INFORMATION_FORMAT = "dwarf-with-dsym";
				DEVELOPMENT_TEAM = 373K7546A3;
				ENABLE_NS_ASSERTIONS = NO;
				ENABLE_STRICT_OBJC_MSGSEND = YES;
				ENABLE_USER_SCRIPT_SANDBOXING = YES;
				GCC_C_LANGUAGE_STANDARD = gnu17;
				GCC_NO_COMMON_BLOCKS = YES;
				GCC_WARN_64_TO_32_BIT_CONVERSION = YES;
				GCC_WARN_ABOUT_RETURN_TYPE = YES_ERROR;
				GCC_WARN_UNDECLARED_SELECTOR = YES;
				GCC_WARN_UNINITIALIZED_AUTOS = YES_AGGRESSIVE;
				GCC_WARN_UNUSED_FUNCTION = YES;
				GCC_WARN_UNUSED_VARIABLE = YES;
				IPHONEOS_DEPLOYMENT_TARGET = 18.5;
				LOCALIZATION_PREFERS_STRING_CATALOGS = YES;
				MTL_ENABLE_DEBUG_INFO = NO;
				MTL_FAST_MATH = YES;
				SDKROOT = iphoneos;
				SWIFT_COMPILATION_MODE = wholemodule;
				VALIDATE_PRODUCT = YES;
			};
			name = Release;
		};
/* End XCBuildConfiguration section */

/* Begin XCConfigurationList section */
		870EC31B2E448EB70021A713 /* Build configuration list for PBXProject "WakeUpSprout" */ = {
			isa = XCConfigurationList;
			buildConfigurations = (
				870EC3392E448EB80021A713 /* Debug */,
				870EC33A2E448EB80021A713 /* Release */,
			);
			defaultConfigurationIsVisible = 0;
			defaultConfigurationName = Release;
		};
		870EC3362E448EB80021A713 /* Build configuration list for PBXNativeTarget "WakeUpSprout" */ = {
			isa = XCConfigurationList;
			buildConfigurations = (
				870EC3372E448EB80021A713 /* Debug */,
				870EC3382E448EB80021A713 /* Release */,
			);
			defaultConfigurationIsVisible = 0;
			defaultConfigurationName = Release;
		};
/* End XCConfigurationList section */

/* Begin XCRemoteSwiftPackageReference section */
		87B3C9DA2E45AA270097CC59 /* XCRemoteSwiftPackageReference "SwiftDate" */ = {
			isa = XCRemoteSwiftPackageReference;
			repositoryURL = "https://github.com/malcommac/SwiftDate.git";
			requirement = {
				kind = upToNextMajorVersion;
				minimumVersion = 7.0.0;
			};
		};
		87B3C9DD2E45AA3E0097CC59 /* XCRemoteSwiftPackageReference "Kingfisher" */ = {
			isa = XCRemoteSwiftPackageReference;
			repositoryURL = "https://github.com/onevcat/Kingfisher.git";
			requirement = {
				kind = upToNextMajorVersion;
				minimumVersion = 8.5.0;
			};
		};
		87B3C9E02E45AA4E0097CC59 /* XCRemoteSwiftPackageReference "SnapKit" */ = {
			isa = XCRemoteSwiftPackageReference;
			repositoryURL = "https://github.com/SnapKit/SnapKit.git";
			requirement = {
				kind = upToNextMajorVersion;
				minimumVersion = 5.7.1;
			};
		};
		87B3C9E32E45AA650097CC59 /* XCRemoteSwiftPackageReference "Then" */ = {
			isa = XCRemoteSwiftPackageReference;
			repositoryURL = "https://github.com/devxoul/Then.git";
			requirement = {
				kind = upToNextMajorVersion;
				minimumVersion = 3.0.0;
			};
		};
		87B3C9E62E45AA7E0097CC59 /* XCRemoteSwiftPackageReference "Alamofire" */ = {
			isa = XCRemoteSwiftPackageReference;
			repositoryURL = "https://github.com/Alamofire/Alamofire.git";
			requirement = {
				kind = upToNextMajorVersion;
				minimumVersion = 5.10.2;
			};
		};
		87B3C9E92E45AA9A0097CC59 /* XCRemoteSwiftPackageReference "RxSwift" */ = {
			isa = XCRemoteSwiftPackageReference;
			repositoryURL = "https://github.com/ReactiveX/RxSwift.git";
			requirement = {
				kind = upToNextMajorVersion;
				minimumVersion = 6.9.0;
			};
		};
		87B3C9F02E45AAB90097CC59 /* XCRemoteSwiftPackageReference "lottie-ios" */ = {
			isa = XCRemoteSwiftPackageReference;
			repositoryURL = "https://github.com/airbnb/lottie-ios.git";
			requirement = {
				kind = upToNextMajorVersion;
				minimumVersion = 4.5.2;
			};
		};
		87B3C9F32E45AAF10097CC59 /* XCRemoteSwiftPackageReference "IQKeyboardManager" */ = {
			isa = XCRemoteSwiftPackageReference;
			repositoryURL = "https://github.com/hackiftekhar/IQKeyboardManager.git";
			requirement = {
				kind = upToNextMajorVersion;
				minimumVersion = 8.0.1;
			};
		};
		87CBD9312E6DC9D600572F14 /* XCRemoteSwiftPackageReference "firebase-ios-sdk" */ = {
			isa = XCRemoteSwiftPackageReference;
			repositoryURL = "https://github.com/firebase/firebase-ios-sdk";
			requirement = {
				kind = upToNextMajorVersion;
				minimumVersion = 12.2.0;
			};
		};
		87CBDBAB2E6DCEEA00572F14 /* XCRemoteSwiftPackageReference "GoogleSignIn-iOS" */ = {
			isa = XCRemoteSwiftPackageReference;
			repositoryURL = "https://github.com/google/GoogleSignIn-iOS";
			requirement = {
				kind = upToNextMajorVersion;
				minimumVersion = 9.0.0;
			};
		};
		87D591992E7833070017BB1C /* XCRemoteSwiftPackageReference "kakao-ios-sdk" */ = {
			isa = XCRemoteSwiftPackageReference;
			repositoryURL = "https://github.com/kakao/kakao-ios-sdk";
			requirement = {
				kind = upToNextMajorVersion;
				minimumVersion = 2.24.6;
			};
		};
		87D5919E2E78332D0017BB1C /* XCRemoteSwiftPackageReference "kakao-ios-sdk-rx" */ = {
			isa = XCRemoteSwiftPackageReference;
			repositoryURL = "https://github.com/kakao/kakao-ios-sdk-rx";
			requirement = {
				kind = upToNextMajorVersion;
				minimumVersion = 2.24.6;
			};
		};
/* End XCRemoteSwiftPackageReference section */

/* Begin XCSwiftPackageProductDependency section */
		87B3C9DB2E45AA270097CC59 /* SwiftDate */ = {
			isa = XCSwiftPackageProductDependency;
			package = 87B3C9DA2E45AA270097CC59 /* XCRemoteSwiftPackageReference "SwiftDate" */;
			productName = SwiftDate;
		};
		87B3C9DE2E45AA3E0097CC59 /* Kingfisher */ = {
			isa = XCSwiftPackageProductDependency;
			package = 87B3C9DD2E45AA3E0097CC59 /* XCRemoteSwiftPackageReference "Kingfisher" */;
			productName = Kingfisher;
		};
		87B3C9E12E45AA4E0097CC59 /* SnapKit */ = {
			isa = XCSwiftPackageProductDependency;
			package = 87B3C9E02E45AA4E0097CC59 /* XCRemoteSwiftPackageReference "SnapKit" */;
			productName = SnapKit;
		};
		87B3C9E42E45AA650097CC59 /* Then */ = {
			isa = XCSwiftPackageProductDependency;
			package = 87B3C9E32E45AA650097CC59 /* XCRemoteSwiftPackageReference "Then" */;
			productName = Then;
		};
		87B3C9E72E45AA7E0097CC59 /* Alamofire */ = {
			isa = XCSwiftPackageProductDependency;
			package = 87B3C9E62E45AA7E0097CC59 /* XCRemoteSwiftPackageReference "Alamofire" */;
			productName = Alamofire;
		};
		87B3C9EA2E45AA9A0097CC59 /* RxCocoa */ = {
			isa = XCSwiftPackageProductDependency;
			package = 87B3C9E92E45AA9A0097CC59 /* XCRemoteSwiftPackageReference "RxSwift" */;
			productName = RxCocoa;
		};
		87B3C9EC2E45AA9A0097CC59 /* RxRelay */ = {
			isa = XCSwiftPackageProductDependency;
			package = 87B3C9E92E45AA9A0097CC59 /* XCRemoteSwiftPackageReference "RxSwift" */;
			productName = RxRelay;
		};
		87B3C9EE2E45AA9A0097CC59 /* RxSwift */ = {
			isa = XCSwiftPackageProductDependency;
			package = 87B3C9E92E45AA9A0097CC59 /* XCRemoteSwiftPackageReference "RxSwift" */;
			productName = RxSwift;
		};
		87B3C9F12E45AAB90097CC59 /* Lottie */ = {
			isa = XCSwiftPackageProductDependency;
			package = 87B3C9F02E45AAB90097CC59 /* XCRemoteSwiftPackageReference "lottie-ios" */;
			productName = Lottie;
		};
		87B3C9F42E45AAF10097CC59 /* IQKeyboardManagerSwift */ = {
			isa = XCSwiftPackageProductDependency;
			package = 87B3C9F32E45AAF10097CC59 /* XCRemoteSwiftPackageReference "IQKeyboardManager" */;
			productName = IQKeyboardManagerSwift;
		};
		87CBD9322E6DC9D600572F14 /* FirebaseAnalytics */ = {
			isa = XCSwiftPackageProductDependency;
			package = 87CBD9312E6DC9D600572F14 /* XCRemoteSwiftPackageReference "firebase-ios-sdk" */;
			productName = FirebaseAnalytics;
		};
		87CBD9342E6DC9D600572F14 /* FirebaseFirestore */ = {
			isa = XCSwiftPackageProductDependency;
			package = 87CBD9312E6DC9D600572F14 /* XCRemoteSwiftPackageReference "firebase-ios-sdk" */;
			productName = FirebaseFirestore;
		};
		87CBD9362E6DCA0B00572F14 /* FirebaseCore */ = {
			isa = XCSwiftPackageProductDependency;
			package = 87CBD9312E6DC9D600572F14 /* XCRemoteSwiftPackageReference "firebase-ios-sdk" */;
			productName = FirebaseCore;
		};
		87CBDBA92E6DCECE00572F14 /* FirebaseAuth */ = {
			isa = XCSwiftPackageProductDependency;
			productName = FirebaseAuth;
		};
		87CBDBAC2E6DCEEA00572F14 /* GoogleSignIn */ = {
			isa = XCSwiftPackageProductDependency;
			package = 87CBDBAB2E6DCEEA00572F14 /* XCRemoteSwiftPackageReference "GoogleSignIn-iOS" */;
			productName = GoogleSignIn;
		};
		87CBDBAE2E6DCEEA00572F14 /* GoogleSignInSwift */ = {
			isa = XCSwiftPackageProductDependency;
			package = 87CBDBAB2E6DCEEA00572F14 /* XCRemoteSwiftPackageReference "GoogleSignIn-iOS" */;
			productName = GoogleSignInSwift;
		};
		87D5919A2E7833070017BB1C /* KakaoSDKAuth */ = {
			isa = XCSwiftPackageProductDependency;
			package = 87D591992E7833070017BB1C /* XCRemoteSwiftPackageReference "kakao-ios-sdk" */;
			productName = KakaoSDKAuth;
		};
		87D5919C2E7833070017BB1C /* KakaoSDKUser */ = {
			isa = XCSwiftPackageProductDependency;
			package = 87D591992E7833070017BB1C /* XCRemoteSwiftPackageReference "kakao-ios-sdk" */;
			productName = KakaoSDKUser;
		};
		87D5919F2E78332D0017BB1C /* RxKakaoSDK */ = {
			isa = XCSwiftPackageProductDependency;
			package = 87D5919E2E78332D0017BB1C /* XCRemoteSwiftPackageReference "kakao-ios-sdk-rx" */;
			productName = RxKakaoSDK;
		};
		87D591A12E78332D0017BB1C /* RxKakaoSDKAuth */ = {
			isa = XCSwiftPackageProductDependency;
			package = 87D5919E2E78332D0017BB1C /* XCRemoteSwiftPackageReference "kakao-ios-sdk-rx" */;
			productName = RxKakaoSDKAuth;
		};
		87D591A32E78332D0017BB1C /* RxKakaoSDKUser */ = {
			isa = XCSwiftPackageProductDependency;
			package = 87D5919E2E78332D0017BB1C /* XCRemoteSwiftPackageReference "kakao-ios-sdk-rx" */;
			productName = RxKakaoSDKUser;
		};
		87D591A52E7833390017BB1C /* KakaoSDK */ = {
			isa = XCSwiftPackageProductDependency;
			package = 87D591992E7833070017BB1C /* XCRemoteSwiftPackageReference "kakao-ios-sdk" */;
			productName = KakaoSDK;
		};
/* End XCSwiftPackageProductDependency section */
	};
	rootObject = 870EC3182E448EB70021A713 /* Project object */;
}
